
Microsoft Visual Studio Solution File, Format Version 12.00
# Visual Studio Version 17
VisualStudioVersion = 17.0.31903.59
MinimumVisualStudioVersion = 10.0.40219.1
Project("{FAE04EC0-301F-11D3-BF4B-00C04F79EFBC}") = "API", "API\API.csproj", "{344B2DAD-000B-4CC6-911E-F1E945278728}"
EndProject
Project("{FAE04EC0-301F-11D3-BF4B-00C04F79EFBC}") = "Application", "Application\Application.csproj", "{BC1017FE-8C69-4928-AD7A-FE6E579DE37C}"
EndProject
Project("{FAE04EC0-301F-11D3-BF4B-00C04F79EFBC}") = "Domain", "Domain\Domain.csproj", "{2792321A-3707-4C2A-A46E-1256AD71BA77}"
EndProject
Project("{FAE04EC0-301F-11D3-BF4B-00C04F79EFBC}") = "Persistence", "Persistence\Persistence.csproj", "{0A99730A-89B8-4E67-86C2-C8F7DC3FA52C}"
EndProject
Project("{FAE04EC0-301F-11D3-BF4B-00C04F79EFBC}") = "Infrastructure", "Infrastructure\Infrastructure.csproj", "{4F7F60E5-5443-4D6C-85BC-A11F0B7F3BA5}"
EndProject
Global
	GlobalSection(SolutionConfigurationPlatforms) = preSolution
		Debug|Any CPU = Debug|Any CPU
		Release|Any CPU = Release|Any CPU
	EndGlobalSection
	GlobalSection(SolutionProperties) = preSolution
		HideSolutionNode = FALSE
	EndGlobalSection
	GlobalSection(ProjectConfigurationPlatforms) = postSolution
		{344B2DAD-000B-4CC6-911E-F1E945278728}.Debug|Any CPU.ActiveCfg = Debug|Any CPU
		{344B2DAD-000B-4CC6-911E-F1E945278728}.Debug|Any CPU.Build.0 = Debug|Any CPU
		{344B2DAD-000B-4CC6-911E-F1E945278728}.Release|Any CPU.ActiveCfg = Release|Any CPU
		{344B2DAD-000B-4CC6-911E-F1E945278728}.Release|Any CPU.Build.0 = Release|Any CPU
		{BC1017FE-8C69-4928-AD7A-FE6E579DE37C}.Debug|Any CPU.ActiveCfg = Debug|Any CPU
		{BC1017FE-8C69-4928-AD7A-FE6E579DE37C}.Debug|Any CPU.Build.0 = Debug|Any CPU
		{BC1017FE-8C69-4928-AD7A-FE6E579DE37C}.Release|Any CPU.ActiveCfg = Release|Any CPU
		{BC1017FE-8C69-4928-AD7A-FE6E579DE37C}.Release|Any CPU.Build.0 = Release|Any CPU
		{2792321A-3707-4C2A-A46E-1256AD71BA77}.Debug|Any CPU.ActiveCfg = Debug|Any CPU
		{2792321A-3707-4C2A-A46E-1256AD71BA77}.Debug|Any CPU.Build.0 = Debug|Any CPU
		{2792321A-3707-4C2A-A46E-1256AD71BA77}.Release|Any CPU.ActiveCfg = Release|Any CPU
		{2792321A-3707-4C2A-A46E-1256AD71BA77}.Release|Any CPU.Build.0 = Release|Any CPU
		{0A99730A-89B8-4E67-86C2-C8F7DC3FA52C}.Debug|Any CPU.ActiveCfg = Debug|Any CPU
		{0A99730A-89B8-4E67-86C2-C8F7DC3FA52C}.Debug|Any CPU.Build.0 = Debug|Any CPU
		{0A99730A-89B8-4E67-86C2-C8F7DC3FA52C}.Release|Any CPU.ActiveCfg = Release|Any CPU
		{0A99730A-89B8-4E67-86C2-C8F7DC3FA52C}.Release|Any CPU.Build.0 = Release|Any CPU
		{4F7F60E5-5443-4D6C-85BC-A11F0B7F3BA5}.Debug|Any CPU.ActiveCfg = Debug|Any CPU
		{4F7F60E5-5443-4D6C-85BC-A11F0B7F3BA5}.Debug|Any CPU.Build.0 = Debug|Any CPU
		{4F7F60E5-5443-4D6C-85BC-A11F0B7F3BA5}.Release|Any CPU.ActiveCfg = Release|Any CPU
		{4F7F60E5-5443-4D6C-85BC-A11F0B7F3BA5}.Release|Any CPU.Build.0 = Release|Any CPU
	EndGlobalSection
EndGlobal
